
Microsoft Visual Studio Solution File, Format Version 12.00
# Visual Studio 2013
VisualStudioVersion = 12.0.31101.0
MinimumVisualStudioVersion = 10.0.40219.1
Project("{FAE04EC0-301F-11D3-BF4B-00C04F79EFBC}") = "Zza.Services", "Zza.Services\Zza.Services.csproj", "{E6B95F2F-BAC8-4872-B665-13DCF0F3B471}"
EndProject
Project("{FAE04EC0-301F-11D3-BF4B-00C04F79EFBC}") = "Zza.Data", "..\..\..\..\Downloads\wcf-jumpstart\2-wcf-jumpstart-exercise-files\before\Zza.Data\Zza.Data.csproj", "{BB1E80DE-E6D1-4E29-BC2D-DB66B81163C5}"
EndProject
Project("{FAE04EC0-301F-11D3-BF4B-00C04F79EFBC}") = "Zza.Entities", "..\..\..\..\Downloads\wcf-jumpstart\2-wcf-jumpstart-exercise-files\before\Zza.Entities\Zza.Entities.csproj", "{7EC71C6E-E769-4C9E-8327-C72B0724B1B7}"
EndProject
Project("{FAE04EC0-301F-11D3-BF4B-00C04F79EFBC}") = "Zza.SelfHost", "Zza.SelfHost\Zza.SelfHost.csproj", "{1F117D50-5487-4576-9C77-24F7CBCEEB17}"
EndProject
Global
	GlobalSection(SolutionConfigurationPlatforms) = preSolution
		Debug|Any CPU = Debug|Any CPU
		Release|Any CPU = Release|Any CPU
	EndGlobalSection
	GlobalSection(ProjectConfigurationPlatforms) = postSolution
		{E6B95F2F-BAC8-4872-B665-13DCF0F3B471}.Debug|Any CPU.ActiveCfg = Debug|Any CPU
		{E6B95F2F-BAC8-4872-B665-13DCF0F3B471}.Debug|Any CPU.Build.0 = Debug|Any CPU
		{E6B95F2F-BAC8-4872-B665-13DCF0F3B471}.Release|Any CPU.ActiveCfg = Release|Any CPU
		{E6B95F2F-BAC8-4872-B665-13DCF0F3B471}.Release|Any CPU.Build.0 = Release|Any CPU
		{BB1E80DE-E6D1-4E29-BC2D-DB66B81163C5}.Debug|Any CPU.ActiveCfg = Debug|Any CPU
		{BB1E80DE-E6D1-4E29-BC2D-DB66B81163C5}.Debug|Any CPU.Build.0 = Debug|Any CPU
		{BB1E80DE-E6D1-4E29-BC2D-DB66B81163C5}.Release|Any CPU.ActiveCfg = Release|Any CPU
		{BB1E80DE-E6D1-4E29-BC2D-DB66B81163C5}.Release|Any CPU.Build.0 = Release|Any CPU
		{7EC71C6E-E769-4C9E-8327-C72B0724B1B7}.Debug|Any CPU.ActiveCfg = Debug|Any CPU
		{7EC71C6E-E769-4C9E-8327-C72B0724B1B7}.Debug|Any CPU.Build.0 = Debug|Any CPU
		{7EC71C6E-E769-4C9E-8327-C72B0724B1B7}.Release|Any CPU.ActiveCfg = Release|Any CPU
		{7EC71C6E-E769-4C9E-8327-C72B0724B1B7}.Release|Any CPU.Build.0 = Release|Any CPU
		{1F117D50-5487-4576-9C77-24F7CBCEEB17}.Debug|Any CPU.ActiveCfg = Debug|Any CPU
		{1F117D50-5487-4576-9C77-24F7CBCEEB17}.Debug|Any CPU.Build.0 = Debug|Any CPU
		{1F117D50-5487-4576-9C77-24F7CBCEEB17}.Release|Any CPU.ActiveCfg = Release|Any CPU
		{1F117D50-5487-4576-9C77-24F7CBCEEB17}.Release|Any CPU.Build.0 = Release|Any CPU
	EndGlobalSection
	GlobalSection(SolutionProperties) = preSolution
		HideSolutionNode = FALSE
	EndGlobalSection
EndGlobal
